
Microsoft Visual Studio Solution File, Format Version 12.00
# Visual Studio 15
VisualStudioVersion = 15.0.28306.52
MinimumVisualStudioVersion = 10.0.40219.1
Project("{FAE04EC0-301F-11D3-BF4B-00C04F79EFBC}") = "WpfGame", "WpfGame\WpfGame.csproj", "{72E102D4-698F-48A3-9AC5-6370CE53E90D}"
EndProject
Project("{FAE04EC0-301F-11D3-BF4B-00C04F79EFBC}") = "WPF_Game.Unittests", "WPF_Game.Unittests\WPF_Game.Unittests.csproj", "{4B4E86B9-AE19-4B1C-A19E-1CFA4933B62C}"
EndProject
Global
	GlobalSection(SolutionConfigurationPlatforms) = preSolution
		Debug|Any CPU = Debug|Any CPU
		Release|Any CPU = Release|Any CPU
	EndGlobalSection
	GlobalSection(ProjectConfigurationPlatforms) = postSolution
		{72E102D4-698F-48A3-9AC5-6370CE53E90D}.Debug|Any CPU.ActiveCfg = Debug|Any CPU
		{72E102D4-698F-48A3-9AC5-6370CE53E90D}.Debug|Any CPU.Build.0 = Debug|Any CPU
		{72E102D4-698F-48A3-9AC5-6370CE53E90D}.Release|Any CPU.ActiveCfg = Release|Any CPU
		{72E102D4-698F-48A3-9AC5-6370CE53E90D}.Release|Any CPU.Build.0 = Release|Any CPU
		{4B4E86B9-AE19-4B1C-A19E-1CFA4933B62C}.Debug|Any CPU.ActiveCfg = Debug|Any CPU
		{4B4E86B9-AE19-4B1C-A19E-1CFA4933B62C}.Debug|Any CPU.Build.0 = Debug|Any CPU
		{4B4E86B9-AE19-4B1C-A19E-1CFA4933B62C}.Release|Any CPU.ActiveCfg = Release|Any CPU
		{4B4E86B9-AE19-4B1C-A19E-1CFA4933B62C}.Release|Any CPU.Build.0 = Release|Any CPU
	EndGlobalSection
	GlobalSection(SolutionProperties) = preSolution
		HideSolutionNode = FALSE
	EndGlobalSection
	GlobalSection(ExtensibilityGlobals) = postSolution
		SolutionGuid = {7DACE747-95DB-4675-8190-504A3309AF94}
	EndGlobalSection
EndGlobal
